
Microsoft Visual Studio Solution File, Format Version 12.00
# Visual Studio Version 17
VisualStudioVersion = 17.14.36109.1 d17.14
MinimumVisualStudioVersion = 10.0.40219.1
Project("{FAE04EC0-301F-11D3-BF4B-00C04F79EFBC}") = "gittest2025", "gittest2025\gittest2025.csproj", "{CDF95404-1645-4BC1-8CF7-68ED08C483FA}"
EndProject
Global
	GlobalSection(SolutionConfigurationPlatforms) = preSolution
		Debug|Any CPU = Debug|Any CPU
		Release|Any CPU = Release|Any CPU
	EndGlobalSection
	GlobalSection(ProjectConfigurationPlatforms) = postSolution
		{CDF95404-1645-4BC1-8CF7-68ED08C483FA}.Debug|Any CPU.ActiveCfg = Debug|Any CPU
		{CDF95404-1645-4BC1-8CF7-68ED08C483FA}.Debug|Any CPU.Build.0 = Debug|Any CPU
		{CDF95404-1645-4BC1-8CF7-68ED08C483FA}.Release|Any CPU.ActiveCfg = Release|Any CPU
		{CDF95404-1645-4BC1-8CF7-68ED08C483FA}.Release|Any CPU.Build.0 = Release|Any CPU
	EndGlobalSection
	GlobalSection(SolutionProperties) = preSolution
		HideSolutionNode = FALSE
	EndGlobalSection
	GlobalSection(ExtensibilityGlobals) = postSolution
		SolutionGuid = {7C7A5748-1EF4-46AF-A24E-87162E37690F}
	EndGlobalSection
EndGlobal
